
Microsoft Visual Studio Solution File, Format Version 12.00
# Visual Studio 15
Project("{FAE04EC0-301F-11D3-BF4B-00C04F79EFBC}") = "Assembly-CSharp", "Assembly-CSharp.csproj", "{FE04F465-1521-AEF0-64FF-35DE3226795D}"
EndProject
Global
	GlobalSection(SolutionConfigurationPlatforms) = preSolution
		Debug|Any CPU = Debug|Any CPU
		Release|Any CPU = Release|Any CPU
	EndGlobalSection
	GlobalSection(ProjectConfigurationPlatforms) = postSolution
		{FE04F465-1521-AEF0-64FF-35DE3226795D}.Debug|Any CPU.ActiveCfg = Debug|Any CPU
		{FE04F465-1521-AEF0-64FF-35DE3226795D}.Debug|Any CPU.Build.0 = Debug|Any CPU
		{FE04F465-1521-AEF0-64FF-35DE3226795D}.Release|Any CPU.ActiveCfg = Release|Any CPU
		{FE04F465-1521-AEF0-64FF-35DE3226795D}.Release|Any CPU.Build.0 = Release|Any CPU
	EndGlobalSection
	GlobalSection(SolutionProperties) = preSolution
		HideSolutionNode = FALSE
	EndGlobalSection
EndGlobal
